
Microsoft Visual Studio Solution File, Format Version 12.00
# Visual Studio Version 17
VisualStudioVersion = 17.8.34525.116
MinimumVisualStudioVersion = 10.0.40219.1
Project("{9A19103F-16F7-4668-BE54-9A1E7A4F7556}") = "Entities", "Entities\Entities.csproj", "{BCD95F3E-C207-46D5-A813-05CE3EAB4E04}"
EndProject
Project("{2150E333-8FDC-42A3-9474-1A3956D46DE8}") = "Src", "Src", "{A8CDADB9-A417-44C3-BCE8-10F14823A5F5}"
EndProject
Project("{2150E333-8FDC-42A3-9474-1A3956D46DE8}") = "Solution Itens", "Solution Itens", "{394BA6B6-9748-4BAA-9080-8CB0CBA1FFE8}"
EndProject
Project("{9A19103F-16F7-4668-BE54-9A1E7A4F7556}") = "Infra", "Infra\Infra.csproj", "{D8DFF034-2409-4797-AA32-B592BF0E430D}"
EndProject
Project("{9A19103F-16F7-4668-BE54-9A1E7A4F7556}") = "Domain", "Domain\Domain.csproj", "{359D6AE4-62D4-4541-8FB2-FC5E7B680207}"
EndProject
Project("{9A19103F-16F7-4668-BE54-9A1E7A4F7556}") = "DTOs", "DTOs\DTOs.csproj", "{CC460AF0-DF73-4913-935A-C65F55783237}"
EndProject
Project("{9A19103F-16F7-4668-BE54-9A1E7A4F7556}") = "Application", "Application\Application.csproj", "{BA30D226-BC20-484C-A4F0-4FAE80476628}"
EndProject
Project("{9A19103F-16F7-4668-BE54-9A1E7A4F7556}") = "Api", "Api\Api.csproj", "{F9E3DA2F-EFB3-479D-A80B-2EDAEE2D4671}"
EndProject
Project("{FAE04EC0-301F-11D3-BF4B-00C04F79EFBC}") = "Infra.MySql", "Infra.MySql\Infra.MySql.csproj", "{2B00232C-DA1C-4E4B-A02E-E637239B0411}"
EndProject
Global
	GlobalSection(SolutionConfigurationPlatforms) = preSolution
		Debug|Any CPU = Debug|Any CPU
		Release|Any CPU = Release|Any CPU
	EndGlobalSection
	GlobalSection(ProjectConfigurationPlatforms) = postSolution
		{BCD95F3E-C207-46D5-A813-05CE3EAB4E04}.Debug|Any CPU.ActiveCfg = Debug|Any CPU
		{BCD95F3E-C207-46D5-A813-05CE3EAB4E04}.Debug|Any CPU.Build.0 = Debug|Any CPU
		{BCD95F3E-C207-46D5-A813-05CE3EAB4E04}.Release|Any CPU.ActiveCfg = Release|Any CPU
		{BCD95F3E-C207-46D5-A813-05CE3EAB4E04}.Release|Any CPU.Build.0 = Release|Any CPU
		{D8DFF034-2409-4797-AA32-B592BF0E430D}.Debug|Any CPU.ActiveCfg = Debug|Any CPU
		{D8DFF034-2409-4797-AA32-B592BF0E430D}.Debug|Any CPU.Build.0 = Debug|Any CPU
		{D8DFF034-2409-4797-AA32-B592BF0E430D}.Release|Any CPU.ActiveCfg = Release|Any CPU
		{D8DFF034-2409-4797-AA32-B592BF0E430D}.Release|Any CPU.Build.0 = Release|Any CPU
		{359D6AE4-62D4-4541-8FB2-FC5E7B680207}.Debug|Any CPU.ActiveCfg = Debug|Any CPU
		{359D6AE4-62D4-4541-8FB2-FC5E7B680207}.Debug|Any CPU.Build.0 = Debug|Any CPU
		{359D6AE4-62D4-4541-8FB2-FC5E7B680207}.Release|Any CPU.ActiveCfg = Release|Any CPU
		{359D6AE4-62D4-4541-8FB2-FC5E7B680207}.Release|Any CPU.Build.0 = Release|Any CPU
		{CC460AF0-DF73-4913-935A-C65F55783237}.Debug|Any CPU.ActiveCfg = Debug|Any CPU
		{CC460AF0-DF73-4913-935A-C65F55783237}.Debug|Any CPU.Build.0 = Debug|Any CPU
		{CC460AF0-DF73-4913-935A-C65F55783237}.Release|Any CPU.ActiveCfg = Release|Any CPU
		{CC460AF0-DF73-4913-935A-C65F55783237}.Release|Any CPU.Build.0 = Release|Any CPU
		{BA30D226-BC20-484C-A4F0-4FAE80476628}.Debug|Any CPU.ActiveCfg = Debug|Any CPU
		{BA30D226-BC20-484C-A4F0-4FAE80476628}.Debug|Any CPU.Build.0 = Debug|Any CPU
		{BA30D226-BC20-484C-A4F0-4FAE80476628}.Release|Any CPU.ActiveCfg = Release|Any CPU
		{BA30D226-BC20-484C-A4F0-4FAE80476628}.Release|Any CPU.Build.0 = Release|Any CPU
		{F9E3DA2F-EFB3-479D-A80B-2EDAEE2D4671}.Debug|Any CPU.ActiveCfg = Debug|Any CPU
		{F9E3DA2F-EFB3-479D-A80B-2EDAEE2D4671}.Debug|Any CPU.Build.0 = Debug|Any CPU
		{F9E3DA2F-EFB3-479D-A80B-2EDAEE2D4671}.Release|Any CPU.ActiveCfg = Release|Any CPU
		{F9E3DA2F-EFB3-479D-A80B-2EDAEE2D4671}.Release|Any CPU.Build.0 = Release|Any CPU
		{2B00232C-DA1C-4E4B-A02E-E637239B0411}.Debug|Any CPU.ActiveCfg = Debug|Any CPU
		{2B00232C-DA1C-4E4B-A02E-E637239B0411}.Debug|Any CPU.Build.0 = Debug|Any CPU
		{2B00232C-DA1C-4E4B-A02E-E637239B0411}.Release|Any CPU.ActiveCfg = Release|Any CPU
		{2B00232C-DA1C-4E4B-A02E-E637239B0411}.Release|Any CPU.Build.0 = Release|Any CPU
	EndGlobalSection
	GlobalSection(SolutionProperties) = preSolution
		HideSolutionNode = FALSE
	EndGlobalSection
	GlobalSection(NestedProjects) = preSolution
		{BCD95F3E-C207-46D5-A813-05CE3EAB4E04} = {A8CDADB9-A417-44C3-BCE8-10F14823A5F5}
		{D8DFF034-2409-4797-AA32-B592BF0E430D} = {A8CDADB9-A417-44C3-BCE8-10F14823A5F5}
		{359D6AE4-62D4-4541-8FB2-FC5E7B680207} = {A8CDADB9-A417-44C3-BCE8-10F14823A5F5}
		{CC460AF0-DF73-4913-935A-C65F55783237} = {A8CDADB9-A417-44C3-BCE8-10F14823A5F5}
		{BA30D226-BC20-484C-A4F0-4FAE80476628} = {A8CDADB9-A417-44C3-BCE8-10F14823A5F5}
		{F9E3DA2F-EFB3-479D-A80B-2EDAEE2D4671} = {A8CDADB9-A417-44C3-BCE8-10F14823A5F5}
		{2B00232C-DA1C-4E4B-A02E-E637239B0411} = {A8CDADB9-A417-44C3-BCE8-10F14823A5F5}
	EndGlobalSection
	GlobalSection(ExtensibilityGlobals) = postSolution
		SolutionGuid = {A7A954A8-DC17-4FD2-9D52-C6C98216A2C3}
	EndGlobalSection
EndGlobal
